// !$*UTF8*$!
{
	archiveVersion = 1;
	classes = {
	};
	objectVersion = 56;
	objects = {

/* Begin PBXBuildFile section */
		7C1EA6532AEEB02B00203954 /* EmploymentRoadmapView.swift in Sources */ = {isa = PBXBuildFile; fileRef = 7C1EA6522AEEB02B00203954 /* EmploymentRoadmapView.swift */; };
		7C42E0A62A50179100A54F65 /* CodeItCopy1App.swift in Sources */ = {isa = PBXBuildFile; fileRef = 7C42E0A52A50179100A54F65 /* CodeItCopy1App.swift */; };
		7C42E0A82A50179100A54F65 /* ContentView.swift in Sources */ = {isa = PBXBuildFile; fileRef = 7C42E0A72A50179100A54F65 /* ContentView.swift */; };
		7C42E0AA2A50179500A54F65 /* Assets.xcassets in Resources */ = {isa = PBXBuildFile; fileRef = 7C42E0A92A50179500A54F65 /* Assets.xcassets */; };
		7C42E0AD2A50179500A54F65 /* Preview Assets.xcassets in Resources */ = {isa = PBXBuildFile; fileRef = 7C42E0AC2A50179500A54F65 /* Preview Assets.xcassets */; };
		7C42E0B62A501A2200A54F65 /* HeaderView.swift in Sources */ = {isa = PBXBuildFile; fileRef = 7C42E0B52A501A2200A54F65 /* HeaderView.swift */; };
		7C42E0B82A50204000A54F65 /* SearchFieldView.swift in Sources */ = {isa = PBXBuildFile; fileRef = 7C42E0B72A50204000A54F65 /* SearchFieldView.swift */; };
		7C42E0BD2A502D0300A54F65 /* CategoryList.swift in Sources */ = {isa = PBXBuildFile; fileRef = 7C42E0BC2A502D0300A54F65 /* CategoryList.swift */; };
		7C42E0C12A50310F00A54F65 /* CategoryMenuView.swift in Sources */ = {isa = PBXBuildFile; fileRef = 7C42E0C02A50310F00A54F65 /* CategoryMenuView.swift */; };
		7C42E0C32A50312B00A54F65 /* CategoryMeber.swift in Sources */ = {isa = PBXBuildFile; fileRef = 7C42E0C22A50312B00A54F65 /* CategoryMeber.swift */; };
		7C6B667D2A598622003C43A6 /* CategoryItemView.swift in Sources */ = {isa = PBXBuildFile; fileRef = 7C6B667C2A598622003C43A6 /* CategoryItemView.swift */; };
/* End PBXBuildFile section */

/* Begin PBXFileReference section */
		7C1EA6522AEEB02B00203954 /* EmploymentRoadmapView.swift */ = {isa = PBXFileReference; lastKnownFileType = sourcecode.swift; path = EmploymentRoadmapView.swift; sourceTree = "<group>"; };
		7C42E0A22A50179100A54F65 /* CodeItCopy1.app */ = {isa = PBXFileReference; explicitFileType = wrapper.application; includeInIndex = 0; path = CodeItCopy1.app; sourceTree = BUILT_PRODUCTS_DIR; };
		7C42E0A52A50179100A54F65 /* CodeItCopy1App.swift */ = {isa = PBXFileReference; lastKnownFileType = sourcecode.swift; path = CodeItCopy1App.swift; sourceTree = "<group>"; };
		7C42E0A72A50179100A54F65 /* ContentView.swift */ = {isa = PBXFileReference; lastKnownFileType = sourcecode.swift; path = ContentView.swift; sourceTree = "<group>"; };
		7C42E0A92A50179500A54F65 /* Assets.xcassets */ = {isa = PBXFileReference; lastKnownFileType = folder.assetcatalog; path = Assets.xcassets; sourceTree = "<group>"; };
		7C42E0AC2A50179500A54F65 /* Preview Assets.xcassets */ = {isa = PBXFileReference; lastKnownFileType = folder.assetcatalog; path = "Preview Assets.xcassets"; sourceTree = "<group>"; };
		7C42E0B52A501A2200A54F65 /* HeaderView.swift */ = {isa = PBXFileReference; lastKnownFileType = sourcecode.swift; path = HeaderView.swift; sourceTree = "<group>"; };
		7C42E0B72A50204000A54F65 /* SearchFieldView.swift */ = {isa = PBXFileReference; lastKnownFileType = sourcecode.swift; path = SearchFieldView.swift; sourceTree = "<group>"; };
		7C42E0BC2A502D0300A54F65 /* CategoryList.swift */ = {isa = PBXFileReference; lastKnownFileType = sourcecode.swift; path = CategoryList.swift; sourceTree = "<group>"; };
		7C42E0C02A50310F00A54F65 /* CategoryMenuView.swift */ = {isa = PBXFileReference; lastKnownFileType = sourcecode.swift; path = CategoryMenuView.swift; sourceTree = "<group>"; };
		7C42E0C22A50312B00A54F65 /* CategoryMeber.swift */ = {isa = PBXFileReference; lastKnownFileType = sourcecode.swift; path = CategoryMeber.swift; sourceTree = "<group>"; };
		7C6B667C2A598622003C43A6 /* CategoryItemView.swift */ = {isa = PBXFileReference; lastKnownFileType = sourcecode.swift; path = CategoryItemView.swift; sourceTree = "<group>"; };
/* End PBXFileReference section */

/* Begin PBXFrameworksBuildPhase section */
		7C42E09F2A50179100A54F65 /* Frameworks */ = {
			isa = PBXFrameworksBuildPhase;
			buildActionMask = 2147483647;
			files = (
			);
			runOnlyForDeploymentPostprocessing = 0;
		};
/* End PBXFrameworksBuildPhase section */

/* Begin PBXGroup section */
		7C42E0992A50179100A54F65 = {
			isa = PBXGroup;
			children = (
				7C42E0A42A50179100A54F65 /* CodeItCopy1 */,
				7C42E0A32A50179100A54F65 /* Products */,
			);
			sourceTree = "<group>";
		};
		7C42E0A32A50179100A54F65 /* Products */ = {
			isa = PBXGroup;
			children = (
				7C42E0A22A50179100A54F65 /* CodeItCopy1.app */,
			);
			name = Products;
			sourceTree = "<group>";
		};
		7C42E0A42A50179100A54F65 /* CodeItCopy1 */ = {
			isa = PBXGroup;
			children = (
				7C42E0BB2A502CEE00A54F65 /* Models */,
				7C42E0B42A5019E000A54F65 /* Views */,
				7C42E0A52A50179100A54F65 /* CodeItCopy1App.swift */,
				7C42E0A92A50179500A54F65 /* Assets.xcassets */,
				7C42E0AB2A50179500A54F65 /* Preview Content */,
			);
			path = CodeItCopy1;
			sourceTree = "<group>";
		};
		7C42E0AB2A50179500A54F65 /* Preview Content */ = {
			isa = PBXGroup;
			children = (
				7C42E0AC2A50179500A54F65 /* Preview Assets.xcassets */,
			);
			path = "Preview Content";
			sourceTree = "<group>";
		};
		7C42E0B42A5019E000A54F65 /* Views */ = {
			isa = PBXGroup;
			children = (
				7C42E0A72A50179100A54F65 /* ContentView.swift */,
				7C42E0B52A501A2200A54F65 /* HeaderView.swift */,
				7C42E0B72A50204000A54F65 /* SearchFieldView.swift */,
				7C42E0C02A50310F00A54F65 /* CategoryMenuView.swift */,
				7C6B667C2A598622003C43A6 /* CategoryItemView.swift */,
				7C1EA6522AEEB02B00203954 /* EmploymentRoadmapView.swift */,
			);
			path = Views;
			sourceTree = "<group>";
		};
		7C42E0BB2A502CEE00A54F65 /* Models */ = {
			isa = PBXGroup;
			children = (
				7C42E0BC2A502D0300A54F65 /* CategoryList.swift */,
				7C42E0C22A50312B00A54F65 /* CategoryMeber.swift */,
			);
			path = Models;
			sourceTree = "<group>";
		};
/* End PBXGroup section */

/* Begin PBXNativeTarget section */
		7C42E0A12A50179100A54F65 /* CodeItCopy1 */ = {
			isa = PBXNativeTarget;
			buildConfigurationList = 7C42E0B02A50179500A54F65 /* Build configuration list for PBXNativeTarget "CodeItCopy1" */;
			buildPhases = (
				7C42E09E2A50179100A54F65 /* Sources */,
				7C42E09F2A50179100A54F65 /* Frameworks */,
				7C42E0A02A50179100A54F65 /* Resources */,
			);
			buildRules = (
			);
			dependencies = (
			);
			name = CodeItCopy1;
			productName = CodeItCopy1;
			productReference = 7C42E0A22A50179100A54F65 /* CodeItCopy1.app */;
			productType = "com.apple.product-type.application";
		};
/* End PBXNativeTarget section */

/* Begin PBXProject section */
		7C42E09A2A50179100A54F65 /* Project object */ = {
			isa = PBXProject;
			attributes = {
				BuildIndependentTargetsInParallel = 1;
				LastSwiftUpdateCheck = 1430;
				LastUpgradeCheck = 1430;
				TargetAttributes = {
					7C42E0A12A50179100A54F65 = {
						CreatedOnToolsVersion = 14.3.1;
					};
				};
			};
			buildConfigurationList = 7C42E09D2A50179100A54F65 /* Build configuration list for PBXProject "CodeItCopy1" */;
			compatibilityVersion = "Xcode 14.0";
			developmentRegion = en;
			hasScannedForEncodings = 0;
			knownRegions = (
				en,
				Base,
			);
			mainGroup = 7C42E0992A50179100A54F65;
			productRefGroup = 7C42E0A32A50179100A54F65 /* Products */;
			projectDirPath = "";
			projectRoot = "";
			targets = (
				7C42E0A12A50179100A54F65 /* CodeItCopy1 */,
			);
		};
/* End PBXProject section */

/* Begin PBXResourcesBuildPhase section */
		7C42E0A02A50179100A54F65 /* Resources */ = {
			isa = PBXResourcesBuildPhase;
			buildActionMask = 2147483647;
			files = (
				7C42E0AD2A50179500A54F65 /* Preview Assets.xcassets in Resources */,
				7C42E0AA2A50179500A54F65 /* Assets.xcassets in Resources */,
			);
			runOnlyForDeploymentPostprocessing = 0;
		};
/* End PBXResourcesBuildPhase section */

/* Begin PBXSourcesBuildPhase section */
		7C42E09E2A50179100A54F65 /* Sources */ = {
			isa = PBXSourcesBuildPhase;
			buildActionMask = 2147483647;
			files = (
				7C42E0A82A50179100A54F65 /* ContentView.swift in Sources */,
				7C42E0C12A50310F00A54F65 /* CategoryMenuView.swift in Sources */,
				7C6B667D2A598622003C43A6 /* CategoryItemView.swift in Sources */,
				7C42E0B62A501A2200A54F65 /* HeaderView.swift in Sources */,
				7C42E0A62A50179100A54F65 /* CodeItCopy1App.swift in Sources */,
				7C42E0B82A50204000A54F65 /* SearchFieldView.swift in Sources */,
				7C1EA6532AEEB02B00203954 /* EmploymentRoadmapView.swift in Sources */,
				7C42E0BD2A502D0300A54F65 /* CategoryList.swift in Sources */,
				7C42E0C32A50312B00A54F65 /* CategoryMeber.swift in Sources */,
			);
			runOnlyForDeploymentPostprocessing = 0;
		};
/* End PBXSourcesBuildPhase section */

/* Begin XCBuildConfiguration section */
		7C42E0AE2A50179500A54F65 /* Debug */ = {
			isa = XCBuildConfiguration;
			buildSettings = {
				ALWAYS_SEARCH_USER_PATHS = NO;
				CLANG_ANALYZER_NONNULL = YES;
				CLANG_ANALYZER_NUMBER_OBJECT_CONVERSION = YES_AGGRESSIVE;
				CLANG_CXX_LANGUAGE_STANDARD = "gnu++20";
				CLANG_ENABLE_MODULES = YES;
				CLANG_ENABLE_OBJC_ARC = YES;
				CLANG_ENABLE_OBJC_WEAK = YES;
				CLANG_WARN_BLOCK_CAPTURE_AUTORELEASING = YES;
				CLANG_WARN_BOOL_CONVERSION = YES;
				CLANG_WARN_COMMA = YES;
				CLANG_WARN_CONSTANT_CONVERSION = YES;
				CLANG_WARN_DEPRECATED_OBJC_IMPLEMENTATIONS = YES;
				CLANG_WARN_DIRECT_OBJC_ISA_USAGE = YES_ERROR;
				CLANG_WARN_DOCUMENTATION_COMMENTS = YES;
				CLANG_WARN_EMPTY_BODY = YES;
				CLANG_WARN_ENUM_CONVERSION = YES;
				CLANG_WARN_INFINITE_RECURSION = YES;
				CLANG_WARN_INT_CONVERSION = YES;
				CLANG_WARN_NON_LITERAL_NULL_CONVERSION = YES;
				CLANG_WARN_OBJC_IMPLICIT_RETAIN_SELF = YES;
				CLANG_WARN_OBJC_LITERAL_CONVERSION = YES;
				CLANG_WARN_OBJC_ROOT_CLASS = YES_ERROR;
				CLANG_WARN_QUOTED_INCLUDE_IN_FRAMEWORK_HEADER = YES;
				CLANG_WARN_RANGE_LOOP_ANALYSIS = YES;
				CLANG_WARN_STRICT_PROTOTYPES = YES;
				CLANG_WARN_SUSPICIOUS_MOVE = YES;
				CLANG_WARN_UNGUARDED_AVAILABILITY = YES_AGGRESSIVE;
				CLANG_WARN_UNREACHABLE_CODE = YES;
				CLANG_WARN__DUPLICATE_METHOD_MATCH = YES;
				COPY_PHASE_STRIP = NO;
				DEBUG_INFORMATION_FORMAT = dwarf;
				ENABLE_STRICT_OBJC_MSGSEND = YES;
				ENABLE_TESTABILITY = YES;
				GCC_C_LANGUAGE_STANDARD = gnu11;
				GCC_DYNAMIC_NO_PIC = NO;
				GCC_NO_COMMON_BLOCKS = YES;
				GCC_OPTIMIZATION_LEVEL = 0;
				GCC_PREPROCESSOR_DEFINITIONS = (
					"DEBUG=1",
					"$(inherited)",
				);
				GCC_WARN_64_TO_32_BIT_CONVERSION = YES;
				GCC_WARN_ABOUT_RETURN_TYPE = YES_ERROR;
				GCC_WARN_UNDECLARED_SELECTOR = YES;
				GCC_WARN_UNINITIALIZED_AUTOS = YES_AGGRESSIVE;
				GCC_WARN_UNUSED_FUNCTION = YES;
				GCC_WARN_UNUSED_VARIABLE = YES;
				IPHONEOS_DEPLOYMENT_TARGET = 16.4;
				MTL_ENABLE_DEBUG_INFO = INCLUDE_SOURCE;
				MTL_FAST_MATH = YES;
				ONLY_ACTIVE_ARCH = YES;
				SDKROOT = iphoneos;
				SWIFT_ACTIVE_COMPILATION_CONDITIONS = DEBUG;
				SWIFT_OPTIMIZATION_LEVEL = "-Onone";
			};
			name = Debug;
		};
		7C42E0AF2A50179500A54F65 /* Release */ = {
			isa = XCBuildConfiguration;
			buildSettings = {
				ALWAYS_SEARCH_USER_PATHS = NO;
				CLANG_ANALYZER_NONNULL = YES;
				CLANG_ANALYZER_NUMBER_OBJECT_CONVERSION = YES_AGGRESSIVE;
				CLANG_CXX_LANGUAGE_STANDARD = "gnu++20";
				CLANG_ENABLE_MODULES = YES;
				CLANG_ENABLE_OBJC_ARC = YES;
				CLANG_ENABLE_OBJC_WEAK = YES;
				CLANG_WARN_BLOCK_CAPTURE_AUTORELEASING = YES;
				CLANG_WARN_BOOL_CONVERSION = YES;
				CLANG_WARN_COMMA = YES;
				CLANG_WARN_CONSTANT_CONVERSION = YES;
				CLANG_WARN_DEPRECATED_OBJC_IMPLEMENTATIONS = YES;
				CLANG_WARN_DIRECT_OBJC_ISA_USAGE = YES_ERROR;
				CLANG_WARN_DOCUMENTATION_COMMENTS = YES;
				CLANG_WARN_EMPTY_BODY = YES;
				CLANG_WARN_ENUM_CONVERSION = YES;
				CLANG_WARN_INFINITE_RECURSION = YES;
				CLANG_WARN_INT_CONVERSION = YES;
				CLANG_WARN_NON_LITERAL_NULL_CONVERSION = YES;
				CLANG_WARN_OBJC_IMPLICIT_RETAIN_SELF = YES;
				CLANG_WARN_OBJC_LITERAL_CONVERSION = YES;
				CLANG_WARN_OBJC_ROOT_CLASS = YES_ERROR;
				CLANG_WARN_QUOTED_INCLUDE_IN_FRAMEWORK_HEADER = YES;
				CLANG_WARN_RANGE_LOOP_ANALYSIS = YES;
				CLANG_WARN_STRICT_PROTOTYPES = YES;
				CLANG_WARN_SUSPICIOUS_MOVE = YES;
				CLANG_WARN_UNGUARDED_AVAILABILITY = YES_AGGRESSIVE;
				CLANG_WARN_UNREACHABLE_CODE = YES;
				CLANG_WARN__DUPLICATE_METHOD_MATCH = YES;
				COPY_PHASE_STRIP = NO;
				DEBUG_INFORMATION_FORMAT = "dwarf-with-dsym";
				ENABLE_NS_ASSERTIONS = NO;
				ENABLE_STRICT_OBJC_MSGSEND = YES;
				GCC_C_LANGUAGE_STANDARD = gnu11;
				GCC_NO_COMMON_BLOCKS = YES;
				GCC_WARN_64_TO_32_BIT_CONVERSION = YES;
				GCC_WARN_ABOUT_RETURN_TYPE = YES_ERROR;
				GCC_WARN_UNDECLARED_SELECTOR = YES;
				GCC_WARN_UNINITIALIZED_AUTOS = YES_AGGRESSIVE;
				GCC_WARN_UNUSED_FUNCTION = YES;
				GCC_WARN_UNUSED_VARIABLE = YES;
				IPHONEOS_DEPLOYMENT_TARGET = 16.4;
				MTL_ENABLE_DEBUG_INFO = NO;
				MTL_FAST_MATH = YES;
				SDKROOT = iphoneos;
				SWIFT_COMPILATION_MODE = wholemodule;
				SWIFT_OPTIMIZATION_LEVEL = "-O";
				VALIDATE_PRODUCT = YES;
			};
			name = Release;
		};
		7C42E0B12A50179500A54F65 /* Debug */ = {
			isa = XCBuildConfiguration;
			buildSettings = {
				ASSETCATALOG_COMPILER_APPICON_NAME = AppIcon;
				ASSETCATALOG_COMPILER_GLOBAL_ACCENT_COLOR_NAME = AccentColor;
				CODE_SIGN_STYLE = Automatic;
				CURRENT_PROJECT_VERSION = 1;
				DEVELOPMENT_ASSET_PATHS = "\"CodeItCopy1/Preview Content\"";
				DEVELOPMENT_TEAM = CB73V27V3B;
				ENABLE_PREVIEWS = YES;
				GENERATE_INFOPLIST_FILE = YES;
				INFOPLIST_KEY_UIApplicationSceneManifest_Generation = YES;
				INFOPLIST_KEY_UIApplicationSupportsIndirectInputEvents = YES;
				INFOPLIST_KEY_UILaunchScreen_Generation = YES;
				INFOPLIST_KEY_UISupportedInterfaceOrientations_iPad = "UIInterfaceOrientationPortrait UIInterfaceOrientationPortraitUpsideDown UIInterfaceOrientationLandscapeLeft UIInterfaceOrientationLandscapeRight";
				INFOPLIST_KEY_UISupportedInterfaceOrientations_iPhone = "UIInterfaceOrientationPortrait UIInterfaceOrientationLandscapeLeft UIInterfaceOrientationLandscapeRight";
				LD_RUNPATH_SEARCH_PATHS = (
					"$(inherited)",
					"@executable_path/Frameworks",
				);
				MARKETING_VERSION = 1.0;
				PRODUCT_BUNDLE_IDENTIFIER = com.unionkyu.CodeItCopy1;
				PRODUCT_NAME = "$(TARGET_NAME)";
				SWIFT_EMIT_LOC_STRINGS = YES;
				SWIFT_VERSION = 5.0;
				TARGETED_DEVICE_FAMILY = "1,2";
			};
			name = Debug;
		};
		7C42E0B22A50179500A54F65 /* Release */ = {
			isa = XCBuildConfiguration;
			buildSettings = {
				ASSETCATALOG_COMPILER_APPICON_NAME = AppIcon;
				ASSETCATALOG_COMPILER_GLOBAL_ACCENT_COLOR_NAME = AccentColor;
				CODE_SIGN_STYLE = Automatic;
				CURRENT_PROJECT_VERSION = 1;
				DEVELOPMENT_ASSET_PATHS = "\"CodeItCopy1/Preview Content\"";
				DEVELOPMENT_TEAM = CB73V27V3B;
				ENABLE_PREVIEWS = YES;
				GENERATE_INFOPLIST_FILE = YES;
				INFOPLIST_KEY_UIApplicationSceneManifest_Generation = YES;
				INFOPLIST_KEY_UIApplicationSupportsIndirectInputEvents = YES;
				INFOPLIST_KEY_UILaunchScreen_Generation = YES;
				INFOPLIST_KEY_UISupportedInterfaceOrientations_iPad = "UIInterfaceOrientationPortrait UIInterfaceOrientationPortraitUpsideDown UIInterfaceOrientationLandscapeLeft UIInterfaceOrientationLandscapeRight";
				INFOPLIST_KEY_UISupportedInterfaceOrientations_iPhone = "UIInterfaceOrientationPortrait UIInterfaceOrientationLandscapeLeft UIInterfaceOrientationLandscapeRight";
				LD_RUNPATH_SEARCH_PATHS = (
					"$(inherited)",
					"@executable_path/Frameworks",
				);
				MARKETING_VERSION = 1.0;
				PRODUCT_BUNDLE_IDENTIFIER = com.unionkyu.CodeItCopy1;
				PRODUCT_NAME = "$(TARGET_NAME)";
				SWIFT_EMIT_LOC_STRINGS = YES;
				SWIFT_VERSION = 5.0;
				TARGETED_DEVICE_FAMILY = "1,2";
			};
			name = Release;
		};
/* End XCBuildConfiguration section */

/* Begin XCConfigurationList section */
		7C42E09D2A50179100A54F65 /* Build configuration list for PBXProject "CodeItCopy1" */ = {
			isa = XCConfigurationList;
			buildConfigurations = (
				7C42E0AE2A50179500A54F65 /* Debug */,
				7C42E0AF2A50179500A54F65 /* Release */,
			);
			defaultConfigurationIsVisible = 0;
			defaultConfigurationName = Release;
		};
		7C42E0B02A50179500A54F65 /* Build configuration list for PBXNativeTarget "CodeItCopy1" */ = {
			isa = XCConfigurationList;
			buildConfigurations = (
				7C42E0B12A50179500A54F65 /* Debug */,
				7C42E0B22A50179500A54F65 /* Release */,
			);
			defaultConfigurationIsVisible = 0;
			defaultConfigurationName = Release;
		};
/* End XCConfigurationList section */
	};
	rootObject = 7C42E09A2A50179100A54F65 /* Project object */;
}
